
Microsoft Visual Studio Solution File, Format Version 12.00
# Visual Studio 15
VisualStudioVersion = 15.0.27428.2015
MinimumVisualStudioVersion = 10.0.40219.1
Project("{FAE04EC0-301F-11D3-BF4B-00C04F79EFBC}") = "ASPTest.DAL", "ASPTest.DAL\ASPTest.DAL.csproj", "{D3AE9180-DD94-4B18-9E90-02457CBA783A}"
EndProject
Project("{FAE04EC0-301F-11D3-BF4B-00C04F79EFBC}") = "ASPTest.BLL", "ASPTest.BLL\ASPTest.BLL.csproj", "{C52B8D39-EF9F-48A9-9637-D1F97CBA53FE}"
EndProject
Project("{FAE04EC0-301F-11D3-BF4B-00C04F79EFBC}") = "ASPTest.WebAPI", "ASPTest.WebAPI\ASPTest.WebAPI.csproj", "{A991306A-C26D-4ECA-83BC-F7B5532C4751}"
EndProject
Global
	GlobalSection(SolutionConfigurationPlatforms) = preSolution
		Debug|Any CPU = Debug|Any CPU
		Release|Any CPU = Release|Any CPU
	EndGlobalSection
	GlobalSection(ProjectConfigurationPlatforms) = postSolution
		{D3AE9180-DD94-4B18-9E90-02457CBA783A}.Debug|Any CPU.ActiveCfg = Debug|Any CPU
		{D3AE9180-DD94-4B18-9E90-02457CBA783A}.Debug|Any CPU.Build.0 = Debug|Any CPU
		{D3AE9180-DD94-4B18-9E90-02457CBA783A}.Release|Any CPU.ActiveCfg = Release|Any CPU
		{D3AE9180-DD94-4B18-9E90-02457CBA783A}.Release|Any CPU.Build.0 = Release|Any CPU
		{C52B8D39-EF9F-48A9-9637-D1F97CBA53FE}.Debug|Any CPU.ActiveCfg = Debug|Any CPU
		{C52B8D39-EF9F-48A9-9637-D1F97CBA53FE}.Debug|Any CPU.Build.0 = Debug|Any CPU
		{C52B8D39-EF9F-48A9-9637-D1F97CBA53FE}.Release|Any CPU.ActiveCfg = Release|Any CPU
		{C52B8D39-EF9F-48A9-9637-D1F97CBA53FE}.Release|Any CPU.Build.0 = Release|Any CPU
		{A991306A-C26D-4ECA-83BC-F7B5532C4751}.Debug|Any CPU.ActiveCfg = Debug|Any CPU
		{A991306A-C26D-4ECA-83BC-F7B5532C4751}.Debug|Any CPU.Build.0 = Debug|Any CPU
		{A991306A-C26D-4ECA-83BC-F7B5532C4751}.Release|Any CPU.ActiveCfg = Release|Any CPU
		{A991306A-C26D-4ECA-83BC-F7B5532C4751}.Release|Any CPU.Build.0 = Release|Any CPU
	EndGlobalSection
	GlobalSection(SolutionProperties) = preSolution
		HideSolutionNode = FALSE
	EndGlobalSection
	GlobalSection(ExtensibilityGlobals) = postSolution
		SolutionGuid = {43ED4541-5CFD-4818-9E61-7F532E6D7B4C}
	EndGlobalSection
EndGlobal
